
Microsoft Visual Studio Solution File, Format Version 12.00
# Visual Studio Version 17
VisualStudioVersion = 17.0.32112.339
MinimumVisualStudioVersion = 10.0.40219.1
Project("{FAE04EC0-301F-11D3-BF4B-00C04F79EFBC}") = "App.DAL", "App.DAL\App.DAL.csproj", "{BAAB4C3F-31E5-4ABD-AB66-8E65103691D2}"
EndProject
Project("{FAE04EC0-301F-11D3-BF4B-00C04F79EFBC}") = "App.BL", "App.BL\App.BL.csproj", "{A86F219F-FEE0-46FA-9F88-03EA102199CC}"
EndProject
Project("{FAE04EC0-301F-11D3-BF4B-00C04F79EFBC}") = "App.PL", "App.PL\App.PL.csproj", "{098D9F25-E6E9-4CAC-9862-0527F741C42F}"
EndProject
Global
	GlobalSection(SolutionConfigurationPlatforms) = preSolution
		Debug|Any CPU = Debug|Any CPU
		Release|Any CPU = Release|Any CPU
	EndGlobalSection
	GlobalSection(ProjectConfigurationPlatforms) = postSolution
		{BAAB4C3F-31E5-4ABD-AB66-8E65103691D2}.Debug|Any CPU.ActiveCfg = Debug|Any CPU
		{BAAB4C3F-31E5-4ABD-AB66-8E65103691D2}.Debug|Any CPU.Build.0 = Debug|Any CPU
		{BAAB4C3F-31E5-4ABD-AB66-8E65103691D2}.Release|Any CPU.ActiveCfg = Release|Any CPU
		{BAAB4C3F-31E5-4ABD-AB66-8E65103691D2}.Release|Any CPU.Build.0 = Release|Any CPU
		{A86F219F-FEE0-46FA-9F88-03EA102199CC}.Debug|Any CPU.ActiveCfg = Debug|Any CPU
		{A86F219F-FEE0-46FA-9F88-03EA102199CC}.Debug|Any CPU.Build.0 = Debug|Any CPU
		{A86F219F-FEE0-46FA-9F88-03EA102199CC}.Release|Any CPU.ActiveCfg = Release|Any CPU
		{A86F219F-FEE0-46FA-9F88-03EA102199CC}.Release|Any CPU.Build.0 = Release|Any CPU
		{098D9F25-E6E9-4CAC-9862-0527F741C42F}.Debug|Any CPU.ActiveCfg = Debug|Any CPU
		{098D9F25-E6E9-4CAC-9862-0527F741C42F}.Debug|Any CPU.Build.0 = Debug|Any CPU
		{098D9F25-E6E9-4CAC-9862-0527F741C42F}.Release|Any CPU.ActiveCfg = Release|Any CPU
		{098D9F25-E6E9-4CAC-9862-0527F741C42F}.Release|Any CPU.Build.0 = Release|Any CPU
	EndGlobalSection
	GlobalSection(SolutionProperties) = preSolution
		HideSolutionNode = FALSE
	EndGlobalSection
	GlobalSection(ExtensibilityGlobals) = postSolution
		SolutionGuid = {BD8093AD-8104-4E12-BA85-946C3FA873A6}
	EndGlobalSection
EndGlobal
